
Microsoft Visual Studio Solution File, Format Version 12.00
# Visual Studio 14
VisualStudioVersion = 14.0.25420.1
MinimumVisualStudioVersion = 10.0.40219.1
Project("{FAE04EC0-301F-11D3-BF4B-00C04F79EFBC}") = "SapExplorer", "SapExplorer\SapExplorer.csproj", "{536A3CEF-DAD1-4EEA-9FE5-C6403C4169F5}"
EndProject
Project("{FAE04EC0-301F-11D3-BF4B-00C04F79EFBC}") = "SapExplorer.Web", "SapExplorer.Web\SapExplorer.Web.csproj", "{2D3894D9-6262-4D1C-9E07-430B79E9B361}"
EndProject
Global
	GlobalSection(SolutionConfigurationPlatforms) = preSolution
		Debug|Any CPU = Debug|Any CPU
		Release|Any CPU = Release|Any CPU
	EndGlobalSection
	GlobalSection(ProjectConfigurationPlatforms) = postSolution
		{536A3CEF-DAD1-4EEA-9FE5-C6403C4169F5}.Debug|Any CPU.ActiveCfg = Debug|Any CPU
		{536A3CEF-DAD1-4EEA-9FE5-C6403C4169F5}.Debug|Any CPU.Build.0 = Debug|Any CPU
		{536A3CEF-DAD1-4EEA-9FE5-C6403C4169F5}.Release|Any CPU.ActiveCfg = Release|Any CPU
		{536A3CEF-DAD1-4EEA-9FE5-C6403C4169F5}.Release|Any CPU.Build.0 = Release|Any CPU
		{2D3894D9-6262-4D1C-9E07-430B79E9B361}.Debug|Any CPU.ActiveCfg = Debug|Any CPU
		{2D3894D9-6262-4D1C-9E07-430B79E9B361}.Debug|Any CPU.Build.0 = Debug|Any CPU
		{2D3894D9-6262-4D1C-9E07-430B79E9B361}.Release|Any CPU.ActiveCfg = Release|Any CPU
		{2D3894D9-6262-4D1C-9E07-430B79E9B361}.Release|Any CPU.Build.0 = Release|Any CPU
	EndGlobalSection
	GlobalSection(SolutionProperties) = preSolution
		HideSolutionNode = FALSE
	EndGlobalSection
EndGlobal
